
Microsoft Visual Studio Solution File, Format Version 12.00
# Visual Studio Version 17
VisualStudioVersion = 17.5.33424.131
MinimumVisualStudioVersion = 10.0.40219.1
Project("{FAE04EC0-301F-11D3-BF4B-00C04F79EFBC}") = "thuthao_buoi02", "thuthao_buoi02\thuthao_buoi02.csproj", "{B1BDDF05-064E-4197-8135-DAC9703C9272}"
EndProject
Global
	GlobalSection(SolutionConfigurationPlatforms) = preSolution
		Debug|Any CPU = Debug|Any CPU
		Release|Any CPU = Release|Any CPU
	EndGlobalSection
	GlobalSection(ProjectConfigurationPlatforms) = postSolution
		{B1BDDF05-064E-4197-8135-DAC9703C9272}.Debug|Any CPU.ActiveCfg = Debug|Any CPU
		{B1BDDF05-064E-4197-8135-DAC9703C9272}.Debug|Any CPU.Build.0 = Debug|Any CPU
		{B1BDDF05-064E-4197-8135-DAC9703C9272}.Release|Any CPU.ActiveCfg = Release|Any CPU
		{B1BDDF05-064E-4197-8135-DAC9703C9272}.Release|Any CPU.Build.0 = Release|Any CPU
	EndGlobalSection
	GlobalSection(SolutionProperties) = preSolution
		HideSolutionNode = FALSE
	EndGlobalSection
	GlobalSection(ExtensibilityGlobals) = postSolution
		SolutionGuid = {5134502F-0B18-432E-A2AC-8EB6CCDE1F1D}
	EndGlobalSection
EndGlobal
